
Microsoft Visual Studio Solution File, Format Version 12.00
# Visual Studio 2013
VisualStudioVersion = 12.0.31101.0
MinimumVisualStudioVersion = 10.0.40219.1
Project("{FAE04EC0-301F-11D3-BF4B-00C04F79EFBC}") = "SocialNetwork.Models", "..\..\Atanas_Solutions\Web-Services-and-Cloud-master\3. ASP.NET-Web-API-Architecture\SocialNetwork.Models\SocialNetwork.Models.csproj", "{1696C1BC-B429-4BE1-AD16-D56CE03E2ED1}"
EndProject
Project("{FAE04EC0-301F-11D3-BF4B-00C04F79EFBC}") = "SocialNetwork.Data", "SocialNetwork.Data\SocialNetwork.Data.csproj", "{7087A63A-CC8D-4DF5-AAD7-7529AE747F2D}"
EndProject
Project("{FAE04EC0-301F-11D3-BF4B-00C04F79EFBC}") = "SocialNetwork.Services", "SocialNetwork.Services\SocialNetwork.Services.csproj", "{6CE8D62B-DF32-45A6-BE74-DF956960E417}"
EndProject
Global
	GlobalSection(SolutionConfigurationPlatforms) = preSolution
		Debug|Any CPU = Debug|Any CPU
		Release|Any CPU = Release|Any CPU
	EndGlobalSection
	GlobalSection(ProjectConfigurationPlatforms) = postSolution
		{1696C1BC-B429-4BE1-AD16-D56CE03E2ED1}.Debug|Any CPU.ActiveCfg = Debug|Any CPU
		{1696C1BC-B429-4BE1-AD16-D56CE03E2ED1}.Debug|Any CPU.Build.0 = Debug|Any CPU
		{1696C1BC-B429-4BE1-AD16-D56CE03E2ED1}.Release|Any CPU.ActiveCfg = Release|Any CPU
		{1696C1BC-B429-4BE1-AD16-D56CE03E2ED1}.Release|Any CPU.Build.0 = Release|Any CPU
		{7087A63A-CC8D-4DF5-AAD7-7529AE747F2D}.Debug|Any CPU.ActiveCfg = Debug|Any CPU
		{7087A63A-CC8D-4DF5-AAD7-7529AE747F2D}.Debug|Any CPU.Build.0 = Debug|Any CPU
		{7087A63A-CC8D-4DF5-AAD7-7529AE747F2D}.Release|Any CPU.ActiveCfg = Release|Any CPU
		{7087A63A-CC8D-4DF5-AAD7-7529AE747F2D}.Release|Any CPU.Build.0 = Release|Any CPU
		{6CE8D62B-DF32-45A6-BE74-DF956960E417}.Debug|Any CPU.ActiveCfg = Debug|Any CPU
		{6CE8D62B-DF32-45A6-BE74-DF956960E417}.Debug|Any CPU.Build.0 = Debug|Any CPU
		{6CE8D62B-DF32-45A6-BE74-DF956960E417}.Release|Any CPU.ActiveCfg = Release|Any CPU
		{6CE8D62B-DF32-45A6-BE74-DF956960E417}.Release|Any CPU.Build.0 = Release|Any CPU
	EndGlobalSection
	GlobalSection(SolutionProperties) = preSolution
		HideSolutionNode = FALSE
	EndGlobalSection
EndGlobal
